
Microsoft Visual Studio Solution File, Format Version 12.00
# Visual Studio Version 17
VisualStudioVersion = 17.10.35027.167
MinimumVisualStudioVersion = 10.0.40219.1
Project("{9A19103F-16F7-4668-BE54-9A1E7A4F7556}") = "HandAndFoot", "HandAndFoot.csproj", "{003B709D-5914-44B0-9916-0CDCBBDBF38E}"
EndProject
Project("{9A19103F-16F7-4668-BE54-9A1E7A4F7556}") = "HandFootLib", "..\HandFootLib\HandFootLib.csproj", "{1AD1ACDE-2FCE-4D5A-BD05-228A592D8378}"
EndProject
Global
	GlobalSection(SolutionConfigurationPlatforms) = preSolution
		Debug|Any CPU = Debug|Any CPU
		Release|Any CPU = Release|Any CPU
	EndGlobalSection
	GlobalSection(ProjectConfigurationPlatforms) = postSolution
		{003B709D-5914-44B0-9916-0CDCBBDBF38E}.Debug|Any CPU.ActiveCfg = Debug|Any CPU
		{003B709D-5914-44B0-9916-0CDCBBDBF38E}.Debug|Any CPU.Build.0 = Debug|Any CPU
		{003B709D-5914-44B0-9916-0CDCBBDBF38E}.Release|Any CPU.ActiveCfg = Release|Any CPU
		{003B709D-5914-44B0-9916-0CDCBBDBF38E}.Release|Any CPU.Build.0 = Release|Any CPU
		{1AD1ACDE-2FCE-4D5A-BD05-228A592D8378}.Debug|Any CPU.ActiveCfg = Debug|Any CPU
		{1AD1ACDE-2FCE-4D5A-BD05-228A592D8378}.Debug|Any CPU.Build.0 = Debug|Any CPU
		{1AD1ACDE-2FCE-4D5A-BD05-228A592D8378}.Release|Any CPU.ActiveCfg = Release|Any CPU
		{1AD1ACDE-2FCE-4D5A-BD05-228A592D8378}.Release|Any CPU.Build.0 = Release|Any CPU
	EndGlobalSection
	GlobalSection(SolutionProperties) = preSolution
		HideSolutionNode = FALSE
	EndGlobalSection
	GlobalSection(ExtensibilityGlobals) = postSolution
		SolutionGuid = {26B6FF6F-4333-4FE5-AE0D-03BC7C2C8A7C}
	EndGlobalSection
EndGlobal
